
Microsoft Visual Studio Solution File, Format Version 12.00
# Visual Studio Version 17
VisualStudioVersion = 17.13.36105.23 d17.13
MinimumVisualStudioVersion = 10.0.40219.1
Project("{FAE04EC0-301F-11D3-BF4B-00C04F79EFBC}") = "QuanLiGaRaOto", "QuanLiGaRaOto\QuanLiGaRaOto.csproj", "{886E0295-FBCE-4597-829E-2BF43301F215}"
EndProject
Global
	GlobalSection(SolutionConfigurationPlatforms) = preSolution
		Debug|Any CPU = Debug|Any CPU
		Release|Any CPU = Release|Any CPU
	EndGlobalSection
	GlobalSection(ProjectConfigurationPlatforms) = postSolution
		{886E0295-FBCE-4597-829E-2BF43301F215}.Debug|Any CPU.ActiveCfg = Debug|Any CPU
		{886E0295-FBCE-4597-829E-2BF43301F215}.Debug|Any CPU.Build.0 = Debug|Any CPU
		{886E0295-FBCE-4597-829E-2BF43301F215}.Release|Any CPU.ActiveCfg = Release|Any CPU
		{886E0295-FBCE-4597-829E-2BF43301F215}.Release|Any CPU.Build.0 = Release|Any CPU
	EndGlobalSection
	GlobalSection(SolutionProperties) = preSolution
		HideSolutionNode = FALSE
	EndGlobalSection
	GlobalSection(ExtensibilityGlobals) = postSolution
		SolutionGuid = {72B790AA-A9E5-4F73-B0E4-29501A098FDE}
	EndGlobalSection
EndGlobal
